// !$*UTF8*$!
{
	archiveVersion = 1;
	classes = {
	};
	objectVersion = 46;
	objects = {

/* Begin PBXBuildFile section */
		F274E06E19B4A6A600121671 /* SVMDropDown.m in Sources */ = {isa = PBXBuildFile; fileRef = F274E06719B4A6A600121671 /* SVMDropDown.m */; };
		F274E06F19B4A6A600121671 /* SVMDropDown.xib in Resources */ = {isa = PBXBuildFile; fileRef = F274E06819B4A6A600121671 /* SVMDropDown.xib */; };
		F274E07019B4A6A600121671 /* SVMDropDownCell.m in Sources */ = {isa = PBXBuildFile; fileRef = F274E06B19B4A6A600121671 /* SVMDropDownCell.m */; };
		F274E07119B4A6A600121671 /* SVMDropDownCell.xib in Resources */ = {isa = PBXBuildFile; fileRef = F274E06C19B4A6A600121671 /* SVMDropDownCell.xib */; };
		F2DBD8A219B44F290022EF5C /* Foundation.framework in Frameworks */ = {isa = PBXBuildFile; fileRef = F2DBD8A119B44F290022EF5C /* Foundation.framework */; };
		F2DBD8A419B44F290022EF5C /* CoreGraphics.framework in Frameworks */ = {isa = PBXBuildFile; fileRef = F2DBD8A319B44F290022EF5C /* CoreGraphics.framework */; };
		F2DBD8A619B44F290022EF5C /* UIKit.framework in Frameworks */ = {isa = PBXBuildFile; fileRef = F2DBD8A519B44F290022EF5C /* UIKit.framework */; };
		F2DBD8AC19B44F290022EF5C /* InfoPlist.strings in Resources */ = {isa = PBXBuildFile; fileRef = F2DBD8AA19B44F290022EF5C /* InfoPlist.strings */; };
		F2DBD8AE19B44F290022EF5C /* main.m in Sources */ = {isa = PBXBuildFile; fileRef = F2DBD8AD19B44F290022EF5C /* main.m */; };
		F2DBD8B219B44F290022EF5C /* SVMAppDelegate.m in Sources */ = {isa = PBXBuildFile; fileRef = F2DBD8B119B44F290022EF5C /* SVMAppDelegate.m */; };
		F2DBD8B519B44F290022EF5C /* Main.storyboard in Resources */ = {isa = PBXBuildFile; fileRef = F2DBD8B319B44F290022EF5C /* Main.storyboard */; };
		F2DBD8BA19B44F290022EF5C /* Images.xcassets in Resources */ = {isa = PBXBuildFile; fileRef = F2DBD8B919B44F290022EF5C /* Images.xcassets */; };
		F2DBD8C119B44F290022EF5C /* XCTest.framework in Frameworks */ = {isa = PBXBuildFile; fileRef = F2DBD8C019B44F290022EF5C /* XCTest.framework */; };
		F2DBD8C219B44F290022EF5C /* Foundation.framework in Frameworks */ = {isa = PBXBuildFile; fileRef = F2DBD8A119B44F290022EF5C /* Foundation.framework */; };
		F2DBD8C319B44F290022EF5C /* UIKit.framework in Frameworks */ = {isa = PBXBuildFile; fileRef = F2DBD8A519B44F290022EF5C /* UIKit.framework */; };
		F2DBD8CB19B44F290022EF5C /* InfoPlist.strings in Resources */ = {isa = PBXBuildFile; fileRef = F2DBD8C919B44F290022EF5C /* InfoPlist.strings */; };
		F2DBD8CD19B44F290022EF5C /* SVMDropDownTests.m in Sources */ = {isa = PBXBuildFile; fileRef = F2DBD8CC19B44F290022EF5C /* SVMDropDownTests.m */; };
		F2DBD8E119B450170022EF5C /* SVMViewController.m in Sources */ = {isa = PBXBuildFile; fileRef = F2DBD8E019B450170022EF5C /* SVMViewController.m */; };
/* End PBXBuildFile section */

/* Begin PBXContainerItemProxy section */
		F2DBD8C419B44F290022EF5C /* PBXContainerItemProxy */ = {
			isa = PBXContainerItemProxy;
			containerPortal = F2DBD89619B44F290022EF5C /* Project object */;
			proxyType = 1;
			remoteGlobalIDString = F2DBD89D19B44F290022EF5C;
			remoteInfo = SVMDropDown;
		};
/* End PBXContainerItemProxy section */

/* Begin PBXFileReference section */
		F274E06619B4A6A600121671 /* SVMDropDown.h */ = {isa = PBXFileReference; fileEncoding = 4; lastKnownFileType = sourcecode.c.h; path = SVMDropDown.h; sourceTree = "<group>"; };
		F274E06719B4A6A600121671 /* SVMDropDown.m */ = {isa = PBXFileReference; fileEncoding = 4; lastKnownFileType = sourcecode.c.objc; path = SVMDropDown.m; sourceTree = "<group>"; };
		F274E06819B4A6A600121671 /* SVMDropDown.xib */ = {isa = PBXFileReference; fileEncoding = 4; lastKnownFileType = file.xib; path = SVMDropDown.xib; sourceTree = "<group>"; };
		F274E06A19B4A6A600121671 /* SVMDropDownCell.h */ = {isa = PBXFileReference; fileEncoding = 4; lastKnownFileType = sourcecode.c.h; path = SVMDropDownCell.h; sourceTree = "<group>"; };
		F274E06B19B4A6A600121671 /* SVMDropDownCell.m */ = {isa = PBXFileReference; fileEncoding = 4; lastKnownFileType = sourcecode.c.objc; path = SVMDropDownCell.m; sourceTree = "<group>"; };
		F274E06C19B4A6A600121671 /* SVMDropDownCell.xib */ = {isa = PBXFileReference; fileEncoding = 4; lastKnownFileType = file.xib; path = SVMDropDownCell.xib; sourceTree = "<group>"; };
		F2DBD89E19B44F290022EF5C /* SVMDropDown.app */ = {isa = PBXFileReference; explicitFileType = wrapper.application; includeInIndex = 0; path = SVMDropDown.app; sourceTree = BUILT_PRODUCTS_DIR; };
		F2DBD8A119B44F290022EF5C /* Foundation.framework */ = {isa = PBXFileReference; lastKnownFileType = wrapper.framework; name = Foundation.framework; path = System/Library/Frameworks/Foundation.framework; sourceTree = SDKROOT; };
		F2DBD8A319B44F290022EF5C /* CoreGraphics.framework */ = {isa = PBXFileReference; lastKnownFileType = wrapper.framework; name = CoreGraphics.framework; path = System/Library/Frameworks/CoreGraphics.framework; sourceTree = SDKROOT; };
		F2DBD8A519B44F290022EF5C /* UIKit.framework */ = {isa = PBXFileReference; lastKnownFileType = wrapper.framework; name = UIKit.framework; path = System/Library/Frameworks/UIKit.framework; sourceTree = SDKROOT; };
		F2DBD8A919B44F290022EF5C /* SVMDropDown-Info.plist */ = {isa = PBXFileReference; lastKnownFileType = text.plist.xml; path = "SVMDropDown-Info.plist"; sourceTree = "<group>"; };
		F2DBD8AB19B44F290022EF5C /* en */ = {isa = PBXFileReference; lastKnownFileType = text.plist.strings; name = en; path = en.lproj/InfoPlist.strings; sourceTree = "<group>"; };
		F2DBD8AD19B44F290022EF5C /* main.m */ = {isa = PBXFileReference; lastKnownFileType = sourcecode.c.objc; path = main.m; sourceTree = "<group>"; };
		F2DBD8AF19B44F290022EF5C /* SVMDropDown-Prefix.pch */ = {isa = PBXFileReference; lastKnownFileType = sourcecode.c.h; path = "SVMDropDown-Prefix.pch"; sourceTree = "<group>"; };
		F2DBD8B019B44F290022EF5C /* SVMAppDelegate.h */ = {isa = PBXFileReference; lastKnownFileType = sourcecode.c.h; path = SVMAppDelegate.h; sourceTree = "<group>"; };
		F2DBD8B119B44F290022EF5C /* SVMAppDelegate.m */ = {isa = PBXFileReference; lastKnownFileType = sourcecode.c.objc; path = SVMAppDelegate.m; sourceTree = "<group>"; };
		F2DBD8B419B44F290022EF5C /* Base */ = {isa = PBXFileReference; lastKnownFileType = file.storyboard; name = Base; path = Base.lproj/Main.storyboard; sourceTree = "<group>"; };
		F2DBD8B919B44F290022EF5C /* Images.xcassets */ = {isa = PBXFileReference; lastKnownFileType = folder.assetcatalog; path = Images.xcassets; sourceTree = "<group>"; };
		F2DBD8BF19B44F290022EF5C /* SVMDropDownTests.xctest */ = {isa = PBXFileReference; explicitFileType = wrapper.cfbundle; includeInIndex = 0; path = SVMDropDownTests.xctest; sourceTree = BUILT_PRODUCTS_DIR; };
		F2DBD8C019B44F290022EF5C /* XCTest.framework */ = {isa = PBXFileReference; lastKnownFileType = wrapper.framework; name = XCTest.framework; path = Library/Frameworks/XCTest.framework; sourceTree = DEVELOPER_DIR; };
		F2DBD8C819B44F290022EF5C /* SVMDropDownTests-Info.plist */ = {isa = PBXFileReference; lastKnownFileType = text.plist.xml; path = "SVMDropDownTests-Info.plist"; sourceTree = "<group>"; };
		F2DBD8CA19B44F290022EF5C /* en */ = {isa = PBXFileReference; lastKnownFileType = text.plist.strings; name = en; path = en.lproj/InfoPlist.strings; sourceTree = "<group>"; };
		F2DBD8CC19B44F290022EF5C /* SVMDropDownTests.m */ = {isa = PBXFileReference; lastKnownFileType = sourcecode.c.objc; path = SVMDropDownTests.m; sourceTree = "<group>"; };
		F2DBD8DF19B450170022EF5C /* SVMViewController.h */ = {isa = PBXFileReference; fileEncoding = 4; lastKnownFileType = sourcecode.c.h; path = SVMViewController.h; sourceTree = "<group>"; };
		F2DBD8E019B450170022EF5C /* SVMViewController.m */ = {isa = PBXFileReference; fileEncoding = 4; lastKnownFileType = sourcecode.c.objc; path = SVMViewController.m; sourceTree = "<group>"; };
/* End PBXFileReference section */

/* Begin PBXFrameworksBuildPhase section */
		F2DBD89B19B44F290022EF5C /* Frameworks */ = {
			isa = PBXFrameworksBuildPhase;
			buildActionMask = 2147483647;
			files = (
				F2DBD8A419B44F290022EF5C /* CoreGraphics.framework in Frameworks */,
				F2DBD8A619B44F290022EF5C /* UIKit.framework in Frameworks */,
				F2DBD8A219B44F290022EF5C /* Foundation.framework in Frameworks */,
			);
			runOnlyForDeploymentPostprocessing = 0;
		};
		F2DBD8BC19B44F290022EF5C /* Frameworks */ = {
			isa = PBXFrameworksBuildPhase;
			buildActionMask = 2147483647;
			files = (
				F2DBD8C119B44F290022EF5C /* XCTest.framework in Frameworks */,
				F2DBD8C319B44F290022EF5C /* UIKit.framework in Frameworks */,
				F2DBD8C219B44F290022EF5C /* Foundation.framework in Frameworks */,
			);
			runOnlyForDeploymentPostprocessing = 0;
		};
/* End PBXFrameworksBuildPhase section */

/* Begin PBXGroup section */
		F274E06419B4A6A600121671 /* Component */ = {
			isa = PBXGroup;
			children = (
				F274E06519B4A6A600121671 /* SVMDropDown */,
			);
			path = Component;
			sourceTree = "<group>";
		};
		F274E06519B4A6A600121671 /* SVMDropDown */ = {
			isa = PBXGroup;
			children = (
				F274E06919B4A6A600121671 /* SVMDropDownCell */,
				F274E06619B4A6A600121671 /* SVMDropDown.h */,
				F274E06719B4A6A600121671 /* SVMDropDown.m */,
				F274E06819B4A6A600121671 /* SVMDropDown.xib */,
			);
			path = SVMDropDown;
			sourceTree = "<group>";
		};
		F274E06919B4A6A600121671 /* SVMDropDownCell */ = {
			isa = PBXGroup;
			children = (
				F274E06A19B4A6A600121671 /* SVMDropDownCell.h */,
				F274E06B19B4A6A600121671 /* SVMDropDownCell.m */,
				F274E06C19B4A6A600121671 /* SVMDropDownCell.xib */,
			);
			path = SVMDropDownCell;
			sourceTree = "<group>";
		};
		F2DBD89519B44F290022EF5C = {
			isa = PBXGroup;
			children = (
				F2DBD8A719B44F290022EF5C /* SVMDropDown */,
				F2DBD8C619B44F290022EF5C /* SVMDropDownTests */,
				F2DBD8A019B44F290022EF5C /* Frameworks */,
				F2DBD89F19B44F290022EF5C /* Products */,
			);
			sourceTree = "<group>";
		};
		F2DBD89F19B44F290022EF5C /* Products */ = {
			isa = PBXGroup;
			children = (
				F2DBD89E19B44F290022EF5C /* SVMDropDown.app */,
				F2DBD8BF19B44F290022EF5C /* SVMDropDownTests.xctest */,
			);
			name = Products;
			sourceTree = "<group>";
		};
		F2DBD8A019B44F290022EF5C /* Frameworks */ = {
			isa = PBXGroup;
			children = (
				F2DBD8A119B44F290022EF5C /* Foundation.framework */,
				F2DBD8A319B44F290022EF5C /* CoreGraphics.framework */,
				F2DBD8A519B44F290022EF5C /* UIKit.framework */,
				F2DBD8C019B44F290022EF5C /* XCTest.framework */,
			);
			name = Frameworks;
			sourceTree = "<group>";
		};
		F2DBD8A719B44F290022EF5C /* SVMDropDown */ = {
			isa = PBXGroup;
			children = (
				F2DBD8B019B44F290022EF5C /* SVMAppDelegate.h */,
				F2DBD8B119B44F290022EF5C /* SVMAppDelegate.m */,
				F2DBD8B319B44F290022EF5C /* Main.storyboard */,
				F274E06419B4A6A600121671 /* Component */,
				F2DBD8D619B44F890022EF5C /* Classes */,
				F2DBD8B919B44F290022EF5C /* Images.xcassets */,
				F2DBD8A819B44F290022EF5C /* Supporting Files */,
			);
			path = SVMDropDown;
			sourceTree = "<group>";
		};
		F2DBD8A819B44F290022EF5C /* Supporting Files */ = {
			isa = PBXGroup;
			children = (
				F2DBD8A919B44F290022EF5C /* SVMDropDown-Info.plist */,
				F2DBD8AA19B44F290022EF5C /* InfoPlist.strings */,
				F2DBD8AD19B44F290022EF5C /* main.m */,
				F2DBD8AF19B44F290022EF5C /* SVMDropDown-Prefix.pch */,
			);
			name = "Supporting Files";
			sourceTree = "<group>";
		};
		F2DBD8C619B44F290022EF5C /* SVMDropDownTests */ = {
			isa = PBXGroup;
			children = (
				F2DBD8CC19B44F290022EF5C /* SVMDropDownTests.m */,
				F2DBD8C719B44F290022EF5C /* Supporting Files */,
			);
			path = SVMDropDownTests;
			sourceTree = "<group>";
		};
		F2DBD8C719B44F290022EF5C /* Supporting Files */ = {
			isa = PBXGroup;
			children = (
				F2DBD8C819B44F290022EF5C /* SVMDropDownTests-Info.plist */,
				F2DBD8C919B44F290022EF5C /* InfoPlist.strings */,
			);
			name = "Supporting Files";
			sourceTree = "<group>";
		};
		F2DBD8D619B44F890022EF5C /* Classes */ = {
			isa = PBXGroup;
			children = (
				F2DBD8D819B44F890022EF5C /* SVMViewController */,
			);
			path = Classes;
			sourceTree = "<group>";
		};
		F2DBD8D819B44F890022EF5C /* SVMViewController */ = {
			isa = PBXGroup;
			children = (
				F2DBD8DF19B450170022EF5C /* SVMViewController.h */,
				F2DBD8E019B450170022EF5C /* SVMViewController.m */,
			);
			path = SVMViewController;
			sourceTree = "<group>";
		};
/* End PBXGroup section */

/* Begin PBXNativeTarget section */
		F2DBD89D19B44F290022EF5C /* SVMDropDown */ = {
			isa = PBXNativeTarget;
			buildConfigurationList = F2DBD8D019B44F290022EF5C /* Build configuration list for PBXNativeTarget "SVMDropDown" */;
			buildPhases = (
				F2DBD89A19B44F290022EF5C /* Sources */,
				F2DBD89B19B44F290022EF5C /* Frameworks */,
				F2DBD89C19B44F290022EF5C /* Resources */,
			);
			buildRules = (
			);
			dependencies = (
			);
			name = SVMDropDown;
			productName = SVMDropDown;
			productReference = F2DBD89E19B44F290022EF5C /* SVMDropDown.app */;
			productType = "com.apple.product-type.application";
		};
		F2DBD8BE19B44F290022EF5C /* SVMDropDownTests */ = {
			isa = PBXNativeTarget;
			buildConfigurationList = F2DBD8D319B44F290022EF5C /* Build configuration list for PBXNativeTarget "SVMDropDownTests" */;
			buildPhases = (
				F2DBD8BB19B44F290022EF5C /* Sources */,
				F2DBD8BC19B44F290022EF5C /* Frameworks */,
				F2DBD8BD19B44F290022EF5C /* Resources */,
			);
			buildRules = (
			);
			dependencies = (
				F2DBD8C519B44F290022EF5C /* PBXTargetDependency */,
			);
			name = SVMDropDownTests;
			productName = SVMDropDownTests;
			productReference = F2DBD8BF19B44F290022EF5C /* SVMDropDownTests.xctest */;
			productType = "com.apple.product-type.bundle.unit-test";
		};
/* End PBXNativeTarget section */

/* Begin PBXProject section */
		F2DBD89619B44F290022EF5C /* Project object */ = {
			isa = PBXProject;
			attributes = {
				CLASSPREFIX = SVM;
				LastUpgradeCheck = 0510;
				ORGANIZATIONNAME = svmLogics;
				TargetAttributes = {
					F2DBD8BE19B44F290022EF5C = {
						TestTargetID = F2DBD89D19B44F290022EF5C;
					};
				};
			};
			buildConfigurationList = F2DBD89919B44F290022EF5C /* Build configuration list for PBXProject "SVMDropDown" */;
			compatibilityVersion = "Xcode 3.2";
			developmentRegion = English;
			hasScannedForEncodings = 0;
			knownRegions = (
				en,
				Base,
			);
			mainGroup = F2DBD89519B44F290022EF5C;
			productRefGroup = F2DBD89F19B44F290022EF5C /* Products */;
			projectDirPath = "";
			projectRoot = "";
			targets = (
				F2DBD89D19B44F290022EF5C /* SVMDropDown */,
				F2DBD8BE19B44F290022EF5C /* SVMDropDownTests */,
			);
		};
/* End PBXProject section */

/* Begin PBXResourcesBuildPhase section */
		F2DBD89C19B44F290022EF5C /* Resources */ = {
			isa = PBXResourcesBuildPhase;
			buildActionMask = 2147483647;
			files = (
				F274E07119B4A6A600121671 /* SVMDropDownCell.xib in Resources */,
				F2DBD8BA19B44F290022EF5C /* Images.xcassets in Resources */,
				F2DBD8AC19B44F290022EF5C /* InfoPlist.strings in Resources */,
				F2DBD8B519B44F290022EF5C /* Main.storyboard in Resources */,
				F274E06F19B4A6A600121671 /* SVMDropDown.xib in Resources */,
			);
			runOnlyForDeploymentPostprocessing = 0;
		};
		F2DBD8BD19B44F290022EF5C /* Resources */ = {
			isa = PBXResourcesBuildPhase;
			buildActionMask = 2147483647;
			files = (
				F2DBD8CB19B44F290022EF5C /* InfoPlist.strings in Resources */,
			);
			runOnlyForDeploymentPostprocessing = 0;
		};
/* End PBXResourcesBuildPhase section */

/* Begin PBXSourcesBuildPhase section */
		F2DBD89A19B44F290022EF5C /* Sources */ = {
			isa = PBXSourcesBuildPhase;
			buildActionMask = 2147483647;
			files = (
				F2DBD8AE19B44F290022EF5C /* main.m in Sources */,
				F274E07019B4A6A600121671 /* SVMDropDownCell.m in Sources */,
				F2DBD8B219B44F290022EF5C /* SVMAppDelegate.m in Sources */,
				F2DBD8E119B450170022EF5C /* SVMViewController.m in Sources */,
				F274E06E19B4A6A600121671 /* SVMDropDown.m in Sources */,
			);
			runOnlyForDeploymentPostprocessing = 0;
		};
		F2DBD8BB19B44F290022EF5C /* Sources */ = {
			isa = PBXSourcesBuildPhase;
			buildActionMask = 2147483647;
			files = (
				F2DBD8CD19B44F290022EF5C /* SVMDropDownTests.m in Sources */,
			);
			runOnlyForDeploymentPostprocessing = 0;
		};
/* End PBXSourcesBuildPhase section */

/* Begin PBXTargetDependency section */
		F2DBD8C519B44F290022EF5C /* PBXTargetDependency */ = {
			isa = PBXTargetDependency;
			target = F2DBD89D19B44F290022EF5C /* SVMDropDown */;
			targetProxy = F2DBD8C419B44F290022EF5C /* PBXContainerItemProxy */;
		};
/* End PBXTargetDependency section */

/* Begin PBXVariantGroup section */
		F2DBD8AA19B44F290022EF5C /* InfoPlist.strings */ = {
			isa = PBXVariantGroup;
			children = (
				F2DBD8AB19B44F290022EF5C /* en */,
			);
			name = InfoPlist.strings;
			sourceTree = "<group>";
		};
		F2DBD8B319B44F290022EF5C /* Main.storyboard */ = {
			isa = PBXVariantGroup;
			children = (
				F2DBD8B419B44F290022EF5C /* Base */,
			);
			name = Main.storyboard;
			sourceTree = "<group>";
		};
		F2DBD8C919B44F290022EF5C /* InfoPlist.strings */ = {
			isa = PBXVariantGroup;
			children = (
				F2DBD8CA19B44F290022EF5C /* en */,
			);
			name = InfoPlist.strings;
			sourceTree = "<group>";
		};
/* End PBXVariantGroup section */

/* Begin XCBuildConfiguration section */
		F2DBD8CE19B44F290022EF5C /* Debug */ = {
			isa = XCBuildConfiguration;
			buildSettings = {
				ALWAYS_SEARCH_USER_PATHS = NO;
				CLANG_CXX_LANGUAGE_STANDARD = "gnu++0x";
				CLANG_CXX_LIBRARY = "libc++";
				CLANG_ENABLE_MODULES = YES;
				CLANG_ENABLE_OBJC_ARC = YES;
				CLANG_WARN_BOOL_CONVERSION = YES;
				CLANG_WARN_CONSTANT_CONVERSION = YES;
				CLANG_WARN_DIRECT_OBJC_ISA_USAGE = YES_ERROR;
				CLANG_WARN_EMPTY_BODY = YES;
				CLANG_WARN_ENUM_CONVERSION = YES;
				CLANG_WARN_INT_CONVERSION = YES;
				CLANG_WARN_OBJC_ROOT_CLASS = YES_ERROR;
				CLANG_WARN__DUPLICATE_METHOD_MATCH = YES;
				"CODE_SIGN_IDENTITY[sdk=iphoneos*]" = "iPhone Developer";
				COPY_PHASE_STRIP = NO;
				GCC_C_LANGUAGE_STANDARD = gnu99;
				GCC_DYNAMIC_NO_PIC = NO;
				GCC_OPTIMIZATION_LEVEL = 0;
				GCC_PREPROCESSOR_DEFINITIONS = (
					"DEBUG=1",
					"$(inherited)",
				);
				GCC_SYMBOLS_PRIVATE_EXTERN = NO;
				GCC_WARN_64_TO_32_BIT_CONVERSION = YES;
				GCC_WARN_ABOUT_RETURN_TYPE = YES_ERROR;
				GCC_WARN_UNDECLARED_SELECTOR = YES;
				GCC_WARN_UNINITIALIZED_AUTOS = YES_AGGRESSIVE;
				GCC_WARN_UNUSED_FUNCTION = YES;
				GCC_WARN_UNUSED_VARIABLE = YES;
				IPHONEOS_DEPLOYMENT_TARGET = 7.1;
				ONLY_ACTIVE_ARCH = YES;
				SDKROOT = iphoneos;
			};
			name = Debug;
		};
		F2DBD8CF19B44F290022EF5C /* Release */ = {
			isa = XCBuildConfiguration;
			buildSettings = {
				ALWAYS_SEARCH_USER_PATHS = NO;
				CLANG_CXX_LANGUAGE_STANDARD = "gnu++0x";
				CLANG_CXX_LIBRARY = "libc++";
				CLANG_ENABLE_MODULES = YES;
				CLANG_ENABLE_OBJC_ARC = YES;
				CLANG_WARN_BOOL_CONVERSION = YES;
				CLANG_WARN_CONSTANT_CONVERSION = YES;
				CLANG_WARN_DIRECT_OBJC_ISA_USAGE = YES_ERROR;
				CLANG_WARN_EMPTY_BODY = YES;
				CLANG_WARN_ENUM_CONVERSION = YES;
				CLANG_WARN_INT_CONVERSION = YES;
				CLANG_WARN_OBJC_ROOT_CLASS = YES_ERROR;
				CLANG_WARN__DUPLICATE_METHOD_MATCH = YES;
				"CODE_SIGN_IDENTITY[sdk=iphoneos*]" = "iPhone Developer";
				COPY_PHASE_STRIP = YES;
				ENABLE_NS_ASSERTIONS = NO;
				GCC_C_LANGUAGE_STANDARD = gnu99;
				GCC_WARN_64_TO_32_BIT_CONVERSION = YES;
				GCC_WARN_ABOUT_RETURN_TYPE = YES_ERROR;
				GCC_WARN_UNDECLARED_SELECTOR = YES;
				GCC_WARN_UNINITIALIZED_AUTOS = YES_AGGRESSIVE;
				GCC_WARN_UNUSED_FUNCTION = YES;
				GCC_WARN_UNUSED_VARIABLE = YES;
				IPHONEOS_DEPLOYMENT_TARGET = 7.1;
				SDKROOT = iphoneos;
				VALIDATE_PRODUCT = YES;
			};
			name = Release;
		};
		F2DBD8D119B44F290022EF5C /* Debug */ = {
			isa = XCBuildConfiguration;
			buildSettings = {
				ASSETCATALOG_COMPILER_APPICON_NAME = AppIcon;
				ASSETCATALOG_COMPILER_LAUNCHIMAGE_NAME = LaunchImage;
				GCC_PRECOMPILE_PREFIX_HEADER = YES;
				GCC_PREFIX_HEADER = "SVMDropDown/SVMDropDown-Prefix.pch";
				INFOPLIST_FILE = "SVMDropDown/SVMDropDown-Info.plist";
				IPHONEOS_DEPLOYMENT_TARGET = 6.0;
				PRODUCT_NAME = "$(TARGET_NAME)";
				WRAPPER_EXTENSION = app;
			};
			name = Debug;
		};
		F2DBD8D219B44F290022EF5C /* Release */ = {
			isa = XCBuildConfiguration;
			buildSettings = {
				ASSETCATALOG_COMPILER_APPICON_NAME = AppIcon;
				ASSETCATALOG_COMPILER_LAUNCHIMAGE_NAME = LaunchImage;
				GCC_PRECOMPILE_PREFIX_HEADER = YES;
				GCC_PREFIX_HEADER = "SVMDropDown/SVMDropDown-Prefix.pch";
				INFOPLIST_FILE = "SVMDropDown/SVMDropDown-Info.plist";
				IPHONEOS_DEPLOYMENT_TARGET = 6.0;
				PRODUCT_NAME = "$(TARGET_NAME)";
				WRAPPER_EXTENSION = app;
			};
			name = Release;
		};
		F2DBD8D419B44F290022EF5C /* Debug */ = {
			isa = XCBuildConfiguration;
			buildSettings = {
				BUNDLE_LOADER = "$(BUILT_PRODUCTS_DIR)/SVMDropDown.app/SVMDropDown";
				FRAMEWORK_SEARCH_PATHS = (
					"$(SDKROOT)/Developer/Library/Frameworks",
					"$(inherited)",
					"$(DEVELOPER_FRAMEWORKS_DIR)",
				);
				GCC_PRECOMPILE_PREFIX_HEADER = YES;
				GCC_PREFIX_HEADER = "SVMDropDown/SVMDropDown-Prefix.pch";
				GCC_PREPROCESSOR_DEFINITIONS = (
					"DEBUG=1",
					"$(inherited)",
				);
				INFOPLIST_FILE = "SVMDropDownTests/SVMDropDownTests-Info.plist";
				PRODUCT_NAME = "$(TARGET_NAME)";
				TEST_HOST = "$(BUNDLE_LOADER)";
				WRAPPER_EXTENSION = xctest;
			};
			name = Debug;
		};
		F2DBD8D519B44F290022EF5C /* Release */ = {
			isa = XCBuildConfiguration;
			buildSettings = {
				BUNDLE_LOADER = "$(BUILT_PRODUCTS_DIR)/SVMDropDown.app/SVMDropDown";
				FRAMEWORK_SEARCH_PATHS = (
					"$(SDKROOT)/Developer/Library/Frameworks",
					"$(inherited)",
					"$(DEVELOPER_FRAMEWORKS_DIR)",
				);
				GCC_PRECOMPILE_PREFIX_HEADER = YES;
				GCC_PREFIX_HEADER = "SVMDropDown/SVMDropDown-Prefix.pch";
				INFOPLIST_FILE = "SVMDropDownTests/SVMDropDownTests-Info.plist";
				PRODUCT_NAME = "$(TARGET_NAME)";
				TEST_HOST = "$(BUNDLE_LOADER)";
				WRAPPER_EXTENSION = xctest;
			};
			name = Release;
		};
/* End XCBuildConfiguration section */

/* Begin XCConfigurationList section */
		F2DBD89919B44F290022EF5C /* Build configuration list for PBXProject "SVMDropDown" */ = {
			isa = XCConfigurationList;
			buildConfigurations = (
				F2DBD8CE19B44F290022EF5C /* Debug */,
				F2DBD8CF19B44F290022EF5C /* Release */,
			);
			defaultConfigurationIsVisible = 0;
			defaultConfigurationName = Release;
		};
		F2DBD8D019B44F290022EF5C /* Build configuration list for PBXNativeTarget "SVMDropDown" */ = {
			isa = XCConfigurationList;
			buildConfigurations = (
				F2DBD8D119B44F290022EF5C /* Debug */,
				F2DBD8D219B44F290022EF5C /* Release */,
			);
			defaultConfigurationIsVisible = 0;
			defaultConfigurationName = Release;
		};
		F2DBD8D319B44F290022EF5C /* Build configuration list for PBXNativeTarget "SVMDropDownTests" */ = {
			isa = XCConfigurationList;
			buildConfigurations = (
				F2DBD8D419B44F290022EF5C /* Debug */,
				F2DBD8D519B44F290022EF5C /* Release */,
			);
			defaultConfigurationIsVisible = 0;
			defaultConfigurationName = Release;
		};
/* End XCConfigurationList section */
	};
	rootObject = F2DBD89619B44F290022EF5C /* Project object */;
}
